
Microsoft Visual Studio Solution File, Format Version 12.00
# Visual Studio Version 16
VisualStudioVersion = 16.0.34031.81
MinimumVisualStudioVersion = 10.0.40219.1
Project("{FAE04EC0-301F-11D3-BF4B-00C04F79EFBC}") = "Algoritmorecursivo", "Algoritmorecursivo\Algoritmorecursivo.csproj", "{51AFCFC3-85FA-4504-897B-F2AF5A6234EE}"
EndProject
Global
	GlobalSection(SolutionConfigurationPlatforms) = preSolution
		Debug|Any CPU = Debug|Any CPU
		Release|Any CPU = Release|Any CPU
	EndGlobalSection
	GlobalSection(ProjectConfigurationPlatforms) = postSolution
		{51AFCFC3-85FA-4504-897B-F2AF5A6234EE}.Debug|Any CPU.ActiveCfg = Debug|Any CPU
		{51AFCFC3-85FA-4504-897B-F2AF5A6234EE}.Debug|Any CPU.Build.0 = Debug|Any CPU
		{51AFCFC3-85FA-4504-897B-F2AF5A6234EE}.Release|Any CPU.ActiveCfg = Release|Any CPU
		{51AFCFC3-85FA-4504-897B-F2AF5A6234EE}.Release|Any CPU.Build.0 = Release|Any CPU
	EndGlobalSection
	GlobalSection(SolutionProperties) = preSolution
		HideSolutionNode = FALSE
	EndGlobalSection
	GlobalSection(ExtensibilityGlobals) = postSolution
		SolutionGuid = {4C9DEAAA-C7A9-4714-9E3B-D7E514BC3D2B}
	EndGlobalSection
EndGlobal
