
Microsoft Visual Studio Solution File, Format Version 12.00
# Visual Studio Version 16
VisualStudioVersion = 16.0.34031.81
MinimumVisualStudioVersion = 10.0.40219.1
Project("{FAE04EC0-301F-11D3-BF4B-00C04F79EFBC}") = "Parcial", "Parcial\Parcial.csproj", "{C4B8A78B-305D-41F0-870E-B1A82C122F42}"
EndProject
Global
	GlobalSection(SolutionConfigurationPlatforms) = preSolution
		Debug|Any CPU = Debug|Any CPU
		Release|Any CPU = Release|Any CPU
	EndGlobalSection
	GlobalSection(ProjectConfigurationPlatforms) = postSolution
		{C4B8A78B-305D-41F0-870E-B1A82C122F42}.Debug|Any CPU.ActiveCfg = Debug|Any CPU
		{C4B8A78B-305D-41F0-870E-B1A82C122F42}.Debug|Any CPU.Build.0 = Debug|Any CPU
		{C4B8A78B-305D-41F0-870E-B1A82C122F42}.Release|Any CPU.ActiveCfg = Release|Any CPU
		{C4B8A78B-305D-41F0-870E-B1A82C122F42}.Release|Any CPU.Build.0 = Release|Any CPU
	EndGlobalSection
	GlobalSection(SolutionProperties) = preSolution
		HideSolutionNode = FALSE
	EndGlobalSection
	GlobalSection(ExtensibilityGlobals) = postSolution
		SolutionGuid = {5604AB9A-7F58-4E43-9E2D-DE4C5ABB40F6}
	EndGlobalSection
EndGlobal
